Microsoft Visual Studio Solution File, Format Version 11.00
# Visual Studio 2008

Project("{F84E204B-D8D4-97A9-BF4C-C5EB49660D95}") = "FlightOfTheTardis", "Assembly-CSharp.csproj", "{C72A25F8-765D-C6B5-4032-DFFB0AB75B66}"
EndProject
Global
	GlobalSection(SolutionConfigurationPlatforms) = preSolution
		Debug|Any CPU = Debug|Any CPU
		Release|Any CPU = Release|Any CPU
	EndGlobalSection
	GlobalSection(ProjectConfigurationPlatforms) = postSolution
		{C72A25F8-765D-C6B5-4032-DFFB0AB75B66}.Debug|Any CPU.ActiveCfg = Debug|Any CPU
		{C72A25F8-765D-C6B5-4032-DFFB0AB75B66}.Debug|Any CPU.Build.0 = Debug|Any CPU
		{C72A25F8-765D-C6B5-4032-DFFB0AB75B66}.Release|Any CPU.ActiveCfg = Release|Any CPU
		{C72A25F8-765D-C6B5-4032-DFFB0AB75B66}.Release|Any CPU.Build.0 = Release|Any CPU
	EndGlobalSection
	GlobalSection(SolutionProperties) = preSolution
		HideSolutionNode = FALSE
	EndGlobalSection
	GlobalSection(MonoDevelopProperties) = preSolution
		StartupItem = Assembly-CSharp.csproj
	EndGlobalSection
EndGlobal
